// !$*UTF8*$!
{
	archiveVersion = 1;
	classes = {
	};
	objectVersion = 56;
	objects = {

/* Begin PBXBuildFile section */
		C2281C312A253FD5004FFFDC /* JSONDecoder+Utils.swift in Sources */ = {isa = PBXBuildFile; fileRef = C2281C302A253FD5004FFFDC /* JSONDecoder+Utils.swift */; };
		C2281C342A2566C4004FFFDC /* ProductCard.swift in Sources */ = {isa = PBXBuildFile; fileRef = C2281C332A2566C4004FFFDC /* ProductCard.swift */; };
		C2281C362A256880004FFFDC /* ShoppingCartButton.swift in Sources */ = {isa = PBXBuildFile; fileRef = C2281C352A256880004FFFDC /* ShoppingCartButton.swift */; };
		C2281C382A256B4B004FFFDC /* ShoppingCartView.swift in Sources */ = {isa = PBXBuildFile; fileRef = C2281C372A256B4B004FFFDC /* ShoppingCartView.swift */; };
		C2281C3B2A2580BB004FFFDC /* ContentViewModel.swift in Sources */ = {isa = PBXBuildFile; fileRef = C2281C3A2A2580BB004FFFDC /* ContentViewModel.swift */; };
		C2281C4F2A25A83B004FFFDC /* ContentViewModelTest.swift in Sources */ = {isa = PBXBuildFile; fileRef = C2281C4E2A25A83B004FFFDC /* ContentViewModelTest.swift */; };
		C2281C512A25AA74004FFFDC /* NetworkClientMock.swift in Sources */ = {isa = PBXBuildFile; fileRef = C2281C502A25AA74004FFFDC /* NetworkClientMock.swift */; };
		C22A93202A25B69600FACC1F /* XCTestCase+Utils.swift in Sources */ = {isa = PBXBuildFile; fileRef = C22A931F2A25B69600FACC1F /* XCTestCase+Utils.swift */; };
		C22A93222A25B71B00FACC1F /* ProductRepositoryTest.swift in Sources */ = {isa = PBXBuildFile; fileRef = C22A93212A25B71A00FACC1F /* ProductRepositoryTest.swift */; };
		C22A93252A25B7EE00FACC1F /* products.json in Resources */ = {isa = PBXBuildFile; fileRef = C22A93242A25B7EE00FACC1F /* products.json */; };
		C232D5202A253AF20023032F /* Alelo_ChallengeApp.swift in Sources */ = {isa = PBXBuildFile; fileRef = C232D51F2A253AF20023032F /* Alelo_ChallengeApp.swift */; };
		C232D5222A253AF20023032F /* ContentView.swift in Sources */ = {isa = PBXBuildFile; fileRef = C232D5212A253AF20023032F /* ContentView.swift */; };
		C232D5242A253AF40023032F /* Assets.xcassets in Resources */ = {isa = PBXBuildFile; fileRef = C232D5232A253AF40023032F /* Assets.xcassets */; };
		C232D5282A253AF40023032F /* Preview Assets.xcassets in Resources */ = {isa = PBXBuildFile; fileRef = C232D5272A253AF40023032F /* Preview Assets.xcassets */; };
		C232D5302A253B420023032F /* NetworkClient.swift in Sources */ = {isa = PBXBuildFile; fileRef = C232D52F2A253B420023032F /* NetworkClient.swift */; };
		C232D5322A253B780023032F /* NetworkError.swift in Sources */ = {isa = PBXBuildFile; fileRef = C232D5312A253B780023032F /* NetworkError.swift */; };
		C232D5342A253CC80023032F /* ProductRepository.swift in Sources */ = {isa = PBXBuildFile; fileRef = C232D5332A253CC80023032F /* ProductRepository.swift */; };
		C232D5372A253D2E0023032F /* Product.swift in Sources */ = {isa = PBXBuildFile; fileRef = C232D5362A253D2E0023032F /* Product.swift */; };
		C232D5392A253E1E0023032F /* Size.swift in Sources */ = {isa = PBXBuildFile; fileRef = C232D5382A253E1E0023032F /* Size.swift */; };
/* End PBXBuildFile section */

/* Begin PBXContainerItemProxy section */
		C2281C492A25A81E004FFFDC /* PBXContainerItemProxy */ = {
			isa = PBXContainerItemProxy;
			containerPortal = C232D5142A253AF20023032F /* Project object */;
			proxyType = 1;
			remoteGlobalIDString = C232D51B2A253AF20023032F;
			remoteInfo = "Alelo Challenge";
		};
/* End PBXContainerItemProxy section */

/* Begin PBXFileReference section */
		C2281C302A253FD5004FFFDC /* JSONDecoder+Utils.swift */ = {isa = PBXFileReference; lastKnownFileType = sourcecode.swift; path = "JSONDecoder+Utils.swift"; sourceTree = "<group>"; };
		C2281C332A2566C4004FFFDC /* ProductCard.swift */ = {isa = PBXFileReference; lastKnownFileType = sourcecode.swift; path = ProductCard.swift; sourceTree = "<group>"; };
		C2281C352A256880004FFFDC /* ShoppingCartButton.swift */ = {isa = PBXFileReference; lastKnownFileType = sourcecode.swift; path = ShoppingCartButton.swift; sourceTree = "<group>"; };
		C2281C372A256B4B004FFFDC /* ShoppingCartView.swift */ = {isa = PBXFileReference; lastKnownFileType = sourcecode.swift; path = ShoppingCartView.swift; sourceTree = "<group>"; };
		C2281C3A2A2580BB004FFFDC /* ContentViewModel.swift */ = {isa = PBXFileReference; lastKnownFileType = sourcecode.swift; path = ContentViewModel.swift; sourceTree = "<group>"; };
		C2281C3C2A259769004FFFDC /* Info.plist */ = {isa = PBXFileReference; lastKnownFileType = text.plist.xml; path = Info.plist; sourceTree = "<group>"; };
		C2281C452A25A81E004FFFDC /* Alelo ChallengeTests.xctest */ = {isa = PBXFileReference; explicitFileType = wrapper.cfbundle; includeInIndex = 0; path = "Alelo ChallengeTests.xctest"; sourceTree = BUILT_PRODUCTS_DIR; };
		C2281C4E2A25A83B004FFFDC /* ContentViewModelTest.swift */ = {isa = PBXFileReference; lastKnownFileType = sourcecode.swift; path = ContentViewModelTest.swift; sourceTree = "<group>"; };
		C2281C502A25AA74004FFFDC /* NetworkClientMock.swift */ = {isa = PBXFileReference; lastKnownFileType = sourcecode.swift; path = NetworkClientMock.swift; sourceTree = "<group>"; };
		C22A931F2A25B69600FACC1F /* XCTestCase+Utils.swift */ = {isa = PBXFileReference; lastKnownFileType = sourcecode.swift; path = "XCTestCase+Utils.swift"; sourceTree = "<group>"; };
		C22A93212A25B71A00FACC1F /* ProductRepositoryTest.swift */ = {isa = PBXFileReference; lastKnownFileType = sourcecode.swift; path = ProductRepositoryTest.swift; sourceTree = "<group>"; };
		C22A93242A25B7EE00FACC1F /* products.json */ = {isa = PBXFileReference; lastKnownFileType = text.json; path = products.json; sourceTree = "<group>"; };
		C232D51C2A253AF20023032F /* Alelo Challenge.app */ = {isa = PBXFileReference; explicitFileType = wrapper.application; includeInIndex = 0; path = "Alelo Challenge.app"; sourceTree = BUILT_PRODUCTS_DIR; };
		C232D51F2A253AF20023032F /* Alelo_ChallengeApp.swift */ = {isa = PBXFileReference; lastKnownFileType = sourcecode.swift; path = Alelo_ChallengeApp.swift; sourceTree = "<group>"; };
		C232D5212A253AF20023032F /* ContentView.swift */ = {isa = PBXFileReference; lastKnownFileType = sourcecode.swift; path = ContentView.swift; sourceTree = "<group>"; };
		C232D5232A253AF40023032F /* Assets.xcassets */ = {isa = PBXFileReference; lastKnownFileType = folder.assetcatalog; path = Assets.xcassets; sourceTree = "<group>"; };
		C232D5252A253AF40023032F /* Alelo_Challenge.entitlements */ = {isa = PBXFileReference; lastKnownFileType = text.plist.entitlements; path = Alelo_Challenge.entitlements; sourceTree = "<group>"; };
		C232D5272A253AF40023032F /* Preview Assets.xcassets */ = {isa = PBXFileReference; lastKnownFileType = folder.assetcatalog; path = "Preview Assets.xcassets"; sourceTree = "<group>"; };
		C232D52F2A253B420023032F /* NetworkClient.swift */ = {isa = PBXFileReference; lastKnownFileType = sourcecode.swift; path = NetworkClient.swift; sourceTree = "<group>"; };
		C232D5312A253B780023032F /* NetworkError.swift */ = {isa = PBXFileReference; lastKnownFileType = sourcecode.swift; path = NetworkError.swift; sourceTree = "<group>"; };
		C232D5332A253CC80023032F /* ProductRepository.swift */ = {isa = PBXFileReference; lastKnownFileType = sourcecode.swift; path = ProductRepository.swift; sourceTree = "<group>"; };
		C232D5362A253D2E0023032F /* Product.swift */ = {isa = PBXFileReference; lastKnownFileType = sourcecode.swift; path = Product.swift; sourceTree = "<group>"; };
		C232D5382A253E1E0023032F /* Size.swift */ = {isa = PBXFileReference; lastKnownFileType = sourcecode.swift; path = Size.swift; sourceTree = "<group>"; };
/* End PBXFileReference section */

/* Begin PBXFrameworksBuildPhase section */
		C2281C422A25A81E004FFFDC /* Frameworks */ = {
			isa = PBXFrameworksBuildPhase;
			buildActionMask = 2147483647;
			files = (
			);
			runOnlyForDeploymentPostprocessing = 0;
		};
		C232D5192A253AF20023032F /* Frameworks */ = {
			isa = PBXFrameworksBuildPhase;
			buildActionMask = 2147483647;
			files = (
			);
			runOnlyForDeploymentPostprocessing = 0;
		};
/* End PBXFrameworksBuildPhase section */

/* Begin PBXGroup section */
		C2281C2F2A253FBC004FFFDC /* Utils */ = {
			isa = PBXGroup;
			children = (
				C2281C302A253FD5004FFFDC /* JSONDecoder+Utils.swift */,
			);
			path = Utils;
			sourceTree = "<group>";
		};
		C2281C322A256655004FFFDC /* Views */ = {
			isa = PBXGroup;
			children = (
				C232D5212A253AF20023032F /* ContentView.swift */,
				C2281C332A2566C4004FFFDC /* ProductCard.swift */,
				C2281C352A256880004FFFDC /* ShoppingCartButton.swift */,
				C2281C372A256B4B004FFFDC /* ShoppingCartView.swift */,
			);
			path = Views;
			sourceTree = "<group>";
		};
		C2281C392A2580A9004FFFDC /* ViewModels */ = {
			isa = PBXGroup;
			children = (
				C2281C3A2A2580BB004FFFDC /* ContentViewModel.swift */,
			);
			path = ViewModels;
			sourceTree = "<group>";
		};
		C2281C462A25A81E004FFFDC /* Alelo ChallengeTests */ = {
			isa = PBXGroup;
			children = (
				C22A93232A25B7D700FACC1F /* Fixtures */,
				C2281C4E2A25A83B004FFFDC /* ContentViewModelTest.swift */,
				C22A93212A25B71A00FACC1F /* ProductRepositoryTest.swift */,
				C2281C502A25AA74004FFFDC /* NetworkClientMock.swift */,
				C22A931F2A25B69600FACC1F /* XCTestCase+Utils.swift */,
			);
			path = "Alelo ChallengeTests";
			sourceTree = "<group>";
		};
		C22A93232A25B7D700FACC1F /* Fixtures */ = {
			isa = PBXGroup;
			children = (
				C22A93242A25B7EE00FACC1F /* products.json */,
			);
			path = Fixtures;
			sourceTree = "<group>";
		};
		C232D5132A253AF20023032F = {
			isa = PBXGroup;
			children = (
				C232D51E2A253AF20023032F /* Alelo Challenge */,
				C2281C462A25A81E004FFFDC /* Alelo ChallengeTests */,
				C232D51D2A253AF20023032F /* Products */,
			);
			sourceTree = "<group>";
		};
		C232D51D2A253AF20023032F /* Products */ = {
			isa = PBXGroup;
			children = (
				C232D51C2A253AF20023032F /* Alelo Challenge.app */,
				C2281C452A25A81E004FFFDC /* Alelo ChallengeTests.xctest */,
			);
			name = Products;
			sourceTree = "<group>";
		};
		C232D51E2A253AF20023032F /* Alelo Challenge */ = {
			isa = PBXGroup;
			children = (
				C232D5252A253AF40023032F /* Alelo_Challenge.entitlements */,
				C232D51F2A253AF20023032F /* Alelo_ChallengeApp.swift */,
				C232D5232A253AF40023032F /* Assets.xcassets */,
				C2281C3C2A259769004FFFDC /* Info.plist */,
				C232D5352A253D240023032F /* Models */,
				C232D52E2A253B1A0023032F /* Network */,
				C2281C322A256655004FFFDC /* Views */,
				C2281C392A2580A9004FFFDC /* ViewModels */,
				C2281C2F2A253FBC004FFFDC /* Utils */,
				C232D5262A253AF40023032F /* Preview Content */,
			);
			path = "Alelo Challenge";
			sourceTree = "<group>";
		};
		C232D5262A253AF40023032F /* Preview Content */ = {
			isa = PBXGroup;
			children = (
				C232D5272A253AF40023032F /* Preview Assets.xcassets */,
			);
			path = "Preview Content";
			sourceTree = "<group>";
		};
		C232D52E2A253B1A0023032F /* Network */ = {
			isa = PBXGroup;
			children = (
				C232D5312A253B780023032F /* NetworkError.swift */,
				C232D52F2A253B420023032F /* NetworkClient.swift */,
				C232D5332A253CC80023032F /* ProductRepository.swift */,
			);
			path = Network;
			sourceTree = "<group>";
		};
		C232D5352A253D240023032F /* Models */ = {
			isa = PBXGroup;
			children = (
				C232D5362A253D2E0023032F /* Product.swift */,
				C232D5382A253E1E0023032F /* Size.swift */,
			);
			path = Models;
			sourceTree = "<group>";
		};
/* End PBXGroup section */

/* Begin PBXNativeTarget section */
		C2281C442A25A81E004FFFDC /* Alelo ChallengeTests */ = {
			isa = PBXNativeTarget;
			buildConfigurationList = C2281C4B2A25A81E004FFFDC /* Build configuration list for PBXNativeTarget "Alelo ChallengeTests" */;
			buildPhases = (
				C2281C412A25A81E004FFFDC /* Sources */,
				C2281C422A25A81E004FFFDC /* Frameworks */,
				C2281C432A25A81E004FFFDC /* Resources */,
			);
			buildRules = (
			);
			dependencies = (
				C2281C4A2A25A81E004FFFDC /* PBXTargetDependency */,
			);
			name = "Alelo ChallengeTests";
			productName = "Alelo ChallengeTests";
			productReference = C2281C452A25A81E004FFFDC /* Alelo ChallengeTests.xctest */;
			productType = "com.apple.product-type.bundle.unit-test";
		};
		C232D51B2A253AF20023032F /* Alelo Challenge */ = {
			isa = PBXNativeTarget;
			buildConfigurationList = C232D52B2A253AF40023032F /* Build configuration list for PBXNativeTarget "Alelo Challenge" */;
			buildPhases = (
				C232D5182A253AF20023032F /* Sources */,
				C232D5192A253AF20023032F /* Frameworks */,
				C232D51A2A253AF20023032F /* Resources */,
			);
			buildRules = (
			);
			dependencies = (
			);
			name = "Alelo Challenge";
			productName = "Alelo Challenge";
			productReference = C232D51C2A253AF20023032F /* Alelo Challenge.app */;
			productType = "com.apple.product-type.application";
		};
/* End PBXNativeTarget section */

/* Begin PBXProject section */
		C232D5142A253AF20023032F /* Project object */ = {
			isa = PBXProject;
			attributes = {
				BuildIndependentTargetsInParallel = 1;
				LastSwiftUpdateCheck = 1430;
				LastUpgradeCheck = 1430;
				TargetAttributes = {
					C2281C442A25A81E004FFFDC = {
						CreatedOnToolsVersion = 14.3;
						TestTargetID = C232D51B2A253AF20023032F;
					};
					C232D51B2A253AF20023032F = {
						CreatedOnToolsVersion = 14.3;
					};
				};
			};
			buildConfigurationList = C232D5172A253AF20023032F /* Build configuration list for PBXProject "Alelo Challenge" */;
			compatibilityVersion = "Xcode 14.0";
			developmentRegion = en;
			hasScannedForEncodings = 0;
			knownRegions = (
				en,
				Base,
			);
			mainGroup = C232D5132A253AF20023032F;
			productRefGroup = C232D51D2A253AF20023032F /* Products */;
			projectDirPath = "";
			projectRoot = "";
			targets = (
				C232D51B2A253AF20023032F /* Alelo Challenge */,
				C2281C442A25A81E004FFFDC /* Alelo ChallengeTests */,
			);
		};
/* End PBXProject section */

/* Begin PBXResourcesBuildPhase section */
		C2281C432A25A81E004FFFDC /* Resources */ = {
			isa = PBXResourcesBuildPhase;
			buildActionMask = 2147483647;
			files = (
				C22A93252A25B7EE00FACC1F /* products.json in Resources */,
			);
			runOnlyForDeploymentPostprocessing = 0;
		};
		C232D51A2A253AF20023032F /* Resources */ = {
			isa = PBXResourcesBuildPhase;
			buildActionMask = 2147483647;
			files = (
				C232D5282A253AF40023032F /* Preview Assets.xcassets in Resources */,
				C232D5242A253AF40023032F /* Assets.xcassets in Resources */,
			);
			runOnlyForDeploymentPostprocessing = 0;
		};
/* End PBXResourcesBuildPhase section */

/* Begin PBXSourcesBuildPhase section */
		C2281C412A25A81E004FFFDC /* Sources */ = {
			isa = PBXSourcesBuildPhase;
			buildActionMask = 2147483647;
			files = (
				C22A93202A25B69600FACC1F /* XCTestCase+Utils.swift in Sources */,
				C22A93222A25B71B00FACC1F /* ProductRepositoryTest.swift in Sources */,
				C2281C4F2A25A83B004FFFDC /* ContentViewModelTest.swift in Sources */,
				C2281C512A25AA74004FFFDC /* NetworkClientMock.swift in Sources */,
			);
			runOnlyForDeploymentPostprocessing = 0;
		};
		C232D5182A253AF20023032F /* Sources */ = {
			isa = PBXSourcesBuildPhase;
			buildActionMask = 2147483647;
			files = (
				C232D5222A253AF20023032F /* ContentView.swift in Sources */,
				C2281C362A256880004FFFDC /* ShoppingCartButton.swift in Sources */,
				C2281C382A256B4B004FFFDC /* ShoppingCartView.swift in Sources */,
				C232D5392A253E1E0023032F /* Size.swift in Sources */,
				C232D5342A253CC80023032F /* ProductRepository.swift in Sources */,
				C232D5322A253B780023032F /* NetworkError.swift in Sources */,
				C232D5202A253AF20023032F /* Alelo_ChallengeApp.swift in Sources */,
				C2281C342A2566C4004FFFDC /* ProductCard.swift in Sources */,
				C2281C3B2A2580BB004FFFDC /* ContentViewModel.swift in Sources */,
				C232D5302A253B420023032F /* NetworkClient.swift in Sources */,
				C2281C312A253FD5004FFFDC /* JSONDecoder+Utils.swift in Sources */,
				C232D5372A253D2E0023032F /* Product.swift in Sources */,
			);
			runOnlyForDeploymentPostprocessing = 0;
		};
/* End PBXSourcesBuildPhase section */

/* Begin PBXTargetDependency section */
		C2281C4A2A25A81E004FFFDC /* PBXTargetDependency */ = {
			isa = PBXTargetDependency;
			target = C232D51B2A253AF20023032F /* Alelo Challenge */;
			targetProxy = C2281C492A25A81E004FFFDC /* PBXContainerItemProxy */;
		};
/* End PBXTargetDependency section */

/* Begin XCBuildConfiguration section */
		C2281C4C2A25A81E004FFFDC /* Debug */ = {
			isa = XCBuildConfiguration;
			buildSettings = {
				BUNDLE_LOADER = "$(TEST_HOST)";
				CODE_SIGN_STYLE = Automatic;
				CURRENT_PROJECT_VERSION = 1;
				GENERATE_INFOPLIST_FILE = YES;
				IPHONEOS_DEPLOYMENT_TARGET = 16.4;
				MARKETING_VERSION = 1.0;
				PRODUCT_BUNDLE_IDENTIFIER = "vlvs.Alelo-ChallengeTests";
				PRODUCT_NAME = "$(TARGET_NAME)";
				SDKROOT = iphoneos;
				SWIFT_EMIT_LOC_STRINGS = NO;
				SWIFT_VERSION = 5.0;
				TARGETED_DEVICE_FAMILY = "1,2";
				TEST_HOST = "$(BUILT_PRODUCTS_DIR)/Alelo Challenge.app/$(BUNDLE_EXECUTABLE_FOLDER_PATH)/Alelo Challenge";
			};
			name = Debug;
		};
		C2281C4D2A25A81E004FFFDC /* Release */ = {
			isa = XCBuildConfiguration;
			buildSettings = {
				BUNDLE_LOADER = "$(TEST_HOST)";
				CODE_SIGN_STYLE = Automatic;
				CURRENT_PROJECT_VERSION = 1;
				GENERATE_INFOPLIST_FILE = YES;
				IPHONEOS_DEPLOYMENT_TARGET = 16.4;
				MARKETING_VERSION = 1.0;
				PRODUCT_BUNDLE_IDENTIFIER = "vlvs.Alelo-ChallengeTests";
				PRODUCT_NAME = "$(TARGET_NAME)";
				SDKROOT = iphoneos;
				SWIFT_EMIT_LOC_STRINGS = NO;
				SWIFT_VERSION = 5.0;
				TARGETED_DEVICE_FAMILY = "1,2";
				TEST_HOST = "$(BUILT_PRODUCTS_DIR)/Alelo Challenge.app/$(BUNDLE_EXECUTABLE_FOLDER_PATH)/Alelo Challenge";
				VALIDATE_PRODUCT = YES;
			};
			name = Release;
		};
		C232D5292A253AF40023032F /* Debug */ = {
			isa = XCBuildConfiguration;
			buildSettings = {
				ALWAYS_SEARCH_USER_PATHS = NO;
				CLANG_ANALYZER_NONNULL = YES;
				CLANG_ANALYZER_NUMBER_OBJECT_CONVERSION = YES_AGGRESSIVE;
				CLANG_CXX_LANGUAGE_STANDARD = "gnu++20";
				CLANG_ENABLE_MODULES = YES;
				CLANG_ENABLE_OBJC_ARC = YES;
				CLANG_ENABLE_OBJC_WEAK = YES;
				CLANG_WARN_BLOCK_CAPTURE_AUTORELEASING = YES;
				CLANG_WARN_BOOL_CONVERSION = YES;
				CLANG_WARN_COMMA = YES;
				CLANG_WARN_CONSTANT_CONVERSION = YES;
				CLANG_WARN_DEPRECATED_OBJC_IMPLEMENTATIONS = YES;
				CLANG_WARN_DIRECT_OBJC_ISA_USAGE = YES_ERROR;
				CLANG_WARN_DOCUMENTATION_COMMENTS = YES;
				CLANG_WARN_EMPTY_BODY = YES;
				CLANG_WARN_ENUM_CONVERSION = YES;
				CLANG_WARN_INFINITE_RECURSION = YES;
				CLANG_WARN_INT_CONVERSION = YES;
				CLANG_WARN_NON_LITERAL_NULL_CONVERSION = YES;
				CLANG_WARN_OBJC_IMPLICIT_RETAIN_SELF = YES;
				CLANG_WARN_OBJC_LITERAL_CONVERSION = YES;
				CLANG_WARN_OBJC_ROOT_CLASS = YES_ERROR;
				CLANG_WARN_QUOTED_INCLUDE_IN_FRAMEWORK_HEADER = YES;
				CLANG_WARN_RANGE_LOOP_ANALYSIS = YES;
				CLANG_WARN_STRICT_PROTOTYPES = YES;
				CLANG_WARN_SUSPICIOUS_MOVE = YES;
				CLANG_WARN_UNGUARDED_AVAILABILITY = YES_AGGRESSIVE;
				CLANG_WARN_UNREACHABLE_CODE = YES;
				CLANG_WARN__DUPLICATE_METHOD_MATCH = YES;
				COPY_PHASE_STRIP = NO;
				DEBUG_INFORMATION_FORMAT = dwarf;
				ENABLE_STRICT_OBJC_MSGSEND = YES;
				ENABLE_TESTABILITY = YES;
				GCC_C_LANGUAGE_STANDARD = gnu11;
				GCC_DYNAMIC_NO_PIC = NO;
				GCC_NO_COMMON_BLOCKS = YES;
				GCC_OPTIMIZATION_LEVEL = 0;
				GCC_PREPROCESSOR_DEFINITIONS = (
					"DEBUG=1",
					"$(inherited)",
				);
				GCC_WARN_64_TO_32_BIT_CONVERSION = YES;
				GCC_WARN_ABOUT_RETURN_TYPE = YES_ERROR;
				GCC_WARN_UNDECLARED_SELECTOR = YES;
				GCC_WARN_UNINITIALIZED_AUTOS = YES_AGGRESSIVE;
				GCC_WARN_UNUSED_FUNCTION = YES;
				GCC_WARN_UNUSED_VARIABLE = YES;
				MTL_ENABLE_DEBUG_INFO = INCLUDE_SOURCE;
				MTL_FAST_MATH = YES;
				ONLY_ACTIVE_ARCH = YES;
				SWIFT_ACTIVE_COMPILATION_CONDITIONS = DEBUG;
				SWIFT_OPTIMIZATION_LEVEL = "-Onone";
			};
			name = Debug;
		};
		C232D52A2A253AF40023032F /* Release */ = {
			isa = XCBuildConfiguration;
			buildSettings = {
				ALWAYS_SEARCH_USER_PATHS = NO;
				CLANG_ANALYZER_NONNULL = YES;
				CLANG_ANALYZER_NUMBER_OBJECT_CONVERSION = YES_AGGRESSIVE;
				CLANG_CXX_LANGUAGE_STANDARD = "gnu++20";
				CLANG_ENABLE_MODULES = YES;
				CLANG_ENABLE_OBJC_ARC = YES;
				CLANG_ENABLE_OBJC_WEAK = YES;
				CLANG_WARN_BLOCK_CAPTURE_AUTORELEASING = YES;
				CLANG_WARN_BOOL_CONVERSION = YES;
				CLANG_WARN_COMMA = YES;
				CLANG_WARN_CONSTANT_CONVERSION = YES;
				CLANG_WARN_DEPRECATED_OBJC_IMPLEMENTATIONS = YES;
				CLANG_WARN_DIRECT_OBJC_ISA_USAGE = YES_ERROR;
				CLANG_WARN_DOCUMENTATION_COMMENTS = YES;
				CLANG_WARN_EMPTY_BODY = YES;
				CLANG_WARN_ENUM_CONVERSION = YES;
				CLANG_WARN_INFINITE_RECURSION = YES;
				CLANG_WARN_INT_CONVERSION = YES;
				CLANG_WARN_NON_LITERAL_NULL_CONVERSION = YES;
				CLANG_WARN_OBJC_IMPLICIT_RETAIN_SELF = YES;
				CLANG_WARN_OBJC_LITERAL_CONVERSION = YES;
				CLANG_WARN_OBJC_ROOT_CLASS = YES_ERROR;
				CLANG_WARN_QUOTED_INCLUDE_IN_FRAMEWORK_HEADER = YES;
				CLANG_WARN_RANGE_LOOP_ANALYSIS = YES;
				CLANG_WARN_STRICT_PROTOTYPES = YES;
				CLANG_WARN_SUSPICIOUS_MOVE = YES;
				CLANG_WARN_UNGUARDED_AVAILABILITY = YES_AGGRESSIVE;
				CLANG_WARN_UNREACHABLE_CODE = YES;
				CLANG_WARN__DUPLICATE_METHOD_MATCH = YES;
				COPY_PHASE_STRIP = NO;
				DEBUG_INFORMATION_FORMAT = "dwarf-with-dsym";
				ENABLE_NS_ASSERTIONS = NO;
				ENABLE_STRICT_OBJC_MSGSEND = YES;
				GCC_C_LANGUAGE_STANDARD = gnu11;
				GCC_NO_COMMON_BLOCKS = YES;
				GCC_WARN_64_TO_32_BIT_CONVERSION = YES;
				GCC_WARN_ABOUT_RETURN_TYPE = YES_ERROR;
				GCC_WARN_UNDECLARED_SELECTOR = YES;
				GCC_WARN_UNINITIALIZED_AUTOS = YES_AGGRESSIVE;
				GCC_WARN_UNUSED_FUNCTION = YES;
				GCC_WARN_UNUSED_VARIABLE = YES;
				MTL_ENABLE_DEBUG_INFO = NO;
				MTL_FAST_MATH = YES;
				SWIFT_COMPILATION_MODE = wholemodule;
				SWIFT_OPTIMIZATION_LEVEL = "-O";
			};
			name = Release;
		};
		C232D52C2A253AF40023032F /* Debug */ = {
			isa = XCBuildConfiguration;
			buildSettings = {
				ASSETCATALOG_COMPILER_APPICON_NAME = AppIcon;
				ASSETCATALOG_COMPILER_GLOBAL_ACCENT_COLOR_NAME = AccentColor;
				CODE_SIGN_ENTITLEMENTS = "Alelo Challenge/Alelo_Challenge.entitlements";
				CODE_SIGN_STYLE = Automatic;
				CURRENT_PROJECT_VERSION = 1;
				DEVELOPMENT_ASSET_PATHS = "\"Alelo Challenge/Preview Content\"";
				ENABLE_PREVIEWS = YES;
				GENERATE_INFOPLIST_FILE = YES;
				INFOPLIST_FILE = "Alelo Challenge/Info.plist";
				"INFOPLIST_KEY_UIApplicationSceneManifest_Generation[sdk=iphoneos*]" = YES;
				"INFOPLIST_KEY_UIApplicationSceneManifest_Generation[sdk=iphonesimulator*]" = YES;
				"INFOPLIST_KEY_UIApplicationSupportsIndirectInputEvents[sdk=iphoneos*]" = YES;
				"INFOPLIST_KEY_UIApplicationSupportsIndirectInputEvents[sdk=iphonesimulator*]" = YES;
				"INFOPLIST_KEY_UILaunchScreen_Generation[sdk=iphoneos*]" = YES;
				"INFOPLIST_KEY_UILaunchScreen_Generation[sdk=iphonesimulator*]" = YES;
				"INFOPLIST_KEY_UIStatusBarStyle[sdk=iphoneos*]" = UIStatusBarStyleDefault;
				"INFOPLIST_KEY_UIStatusBarStyle[sdk=iphonesimulator*]" = UIStatusBarStyleDefault;
				INFOPLIST_KEY_UISupportedInterfaceOrientations_iPad = "UIInterfaceOrientationPortrait UIInterfaceOrientationPortraitUpsideDown UIInterfaceOrientationLandscapeLeft UIInterfaceOrientationLandscapeRight";
				INFOPLIST_KEY_UISupportedInterfaceOrientations_iPhone = "UIInterfaceOrientationPortrait UIInterfaceOrientationLandscapeLeft UIInterfaceOrientationLandscapeRight";
				IPHONEOS_DEPLOYMENT_TARGET = 16.4;
				LD_RUNPATH_SEARCH_PATHS = "@executable_path/Frameworks";
				"LD_RUNPATH_SEARCH_PATHS[sdk=macosx*]" = "@executable_path/../Frameworks";
				MACOSX_DEPLOYMENT_TARGET = 13.3;
				MARKETING_VERSION = 1.0;
				PRODUCT_BUNDLE_IDENTIFIER = "vlvs.Alelo-Challenge";
				PRODUCT_NAME = "$(TARGET_NAME)";
				SDKROOT = auto;
				SUPPORTED_PLATFORMS = "iphoneos iphonesimulator macosx";
				SWIFT_EMIT_LOC_STRINGS = YES;
				SWIFT_VERSION = 5.0;
				TARGETED_DEVICE_FAMILY = "1,2";
			};
			name = Debug;
		};
		C232D52D2A253AF40023032F /* Release */ = {
			isa = XCBuildConfiguration;
			buildSettings = {
				ASSETCATALOG_COMPILER_APPICON_NAME = AppIcon;
				ASSETCATALOG_COMPILER_GLOBAL_ACCENT_COLOR_NAME = AccentColor;
				CODE_SIGN_ENTITLEMENTS = "Alelo Challenge/Alelo_Challenge.entitlements";
				CODE_SIGN_STYLE = Automatic;
				CURRENT_PROJECT_VERSION = 1;
				DEVELOPMENT_ASSET_PATHS = "\"Alelo Challenge/Preview Content\"";
				ENABLE_PREVIEWS = YES;
				GENERATE_INFOPLIST_FILE = YES;
				INFOPLIST_FILE = "Alelo Challenge/Info.plist";
				"INFOPLIST_KEY_UIApplicationSceneManifest_Generation[sdk=iphoneos*]" = YES;
				"INFOPLIST_KEY_UIApplicationSceneManifest_Generation[sdk=iphonesimulator*]" = YES;
				"INFOPLIST_KEY_UIApplicationSupportsIndirectInputEvents[sdk=iphoneos*]" = YES;
				"INFOPLIST_KEY_UIApplicationSupportsIndirectInputEvents[sdk=iphonesimulator*]" = YES;
				"INFOPLIST_KEY_UILaunchScreen_Generation[sdk=iphoneos*]" = YES;
				"INFOPLIST_KEY_UILaunchScreen_Generation[sdk=iphonesimulator*]" = YES;
				"INFOPLIST_KEY_UIStatusBarStyle[sdk=iphoneos*]" = UIStatusBarStyleDefault;
				"INFOPLIST_KEY_UIStatusBarStyle[sdk=iphonesimulator*]" = UIStatusBarStyleDefault;
				INFOPLIST_KEY_UISupportedInterfaceOrientations_iPad = "UIInterfaceOrientationPortrait UIInterfaceOrientationPortraitUpsideDown UIInterfaceOrientationLandscapeLeft UIInterfaceOrientationLandscapeRight";
				INFOPLIST_KEY_UISupportedInterfaceOrientations_iPhone = "UIInterfaceOrientationPortrait UIInterfaceOrientationLandscapeLeft UIInterfaceOrientationLandscapeRight";
				IPHONEOS_DEPLOYMENT_TARGET = 16.4;
				LD_RUNPATH_SEARCH_PATHS = "@executable_path/Frameworks";
				"LD_RUNPATH_SEARCH_PATHS[sdk=macosx*]" = "@executable_path/../Frameworks";
				MACOSX_DEPLOYMENT_TARGET = 13.3;
				MARKETING_VERSION = 1.0;
				PRODUCT_BUNDLE_IDENTIFIER = "vlvs.Alelo-Challenge";
				PRODUCT_NAME = "$(TARGET_NAME)";
				SDKROOT = auto;
				SUPPORTED_PLATFORMS = "iphoneos iphonesimulator macosx";
				SWIFT_EMIT_LOC_STRINGS = YES;
				SWIFT_VERSION = 5.0;
				TARGETED_DEVICE_FAMILY = "1,2";
			};
			name = Release;
		};
/* End XCBuildConfiguration section */

/* Begin XCConfigurationList section */
		C2281C4B2A25A81E004FFFDC /* Build configuration list for PBXNativeTarget "Alelo ChallengeTests" */ = {
			isa = XCConfigurationList;
			buildConfigurations = (
				C2281C4C2A25A81E004FFFDC /* Debug */,
				C2281C4D2A25A81E004FFFDC /* Release */,
			);
			defaultConfigurationIsVisible = 0;
			defaultConfigurationName = Release;
		};
		C232D5172A253AF20023032F /* Build configuration list for PBXProject "Alelo Challenge" */ = {
			isa = XCConfigurationList;
			buildConfigurations = (
				C232D5292A253AF40023032F /* Debug */,
				C232D52A2A253AF40023032F /* Release */,
			);
			defaultConfigurationIsVisible = 0;
			defaultConfigurationName = Release;
		};
		C232D52B2A253AF40023032F /* Build configuration list for PBXNativeTarget "Alelo Challenge" */ = {
			isa = XCConfigurationList;
			buildConfigurations = (
				C232D52C2A253AF40023032F /* Debug */,
				C232D52D2A253AF40023032F /* Release */,
			);
			defaultConfigurationIsVisible = 0;
			defaultConfigurationName = Release;
		};
/* End XCConfigurationList section */
	};
	rootObject = C232D5142A253AF20023032F /* Project object */;
}
